// !$*UTF8*$!
{
	archiveVersion = 1;
	classes = {
	};
	objectVersion = 50;
	objects = {

/* Begin PBXBuildFile section */
		4A6F77B526592BEA00549F0D /* AddFighterStateView.swift in Sources */ = {isa = PBXBuildFile; fileRef = 4A6F77B426592BEA00549F0D /* AddFighterStateView.swift */; };
		4A6F77B7265939A900549F0D /* EditFighterView.swift in Sources */ = {isa = PBXBuildFile; fileRef = 4A6F77B6265939A900549F0D /* EditFighterView.swift */; };
		4A6F77B92659597B00549F0D /* FighterStateView.swift in Sources */ = {isa = PBXBuildFile; fileRef = 4A6F77B82659597B00549F0D /* FighterStateView.swift */; };
		4A6F77BB265A4E5F00549F0D /* ActiveTurnView.swift in Sources */ = {isa = PBXBuildFile; fileRef = 4A6F77BA265A4E5F00549F0D /* ActiveTurnView.swift */; };
		4AE92E61264AB18F00561AC6 /* AddButton.swift in Sources */ = {isa = PBXBuildFile; fileRef = 4AE92E60264AB18F00561AC6 /* AddButton.swift */; };
		4AEB6863264BD66600CBE950 /* HealthBar.swift in Sources */ = {isa = PBXBuildFile; fileRef = 4AEB6862264BD66600CBE950 /* HealthBar.swift */; };
		4AFB0D3C26491D4900D30617 /* encounterApp.swift in Sources */ = {isa = PBXBuildFile; fileRef = 4AFB0D3B26491D4900D30617 /* encounterApp.swift */; };
		4AFB0D3E26491D4900D30617 /* EncounterView.swift in Sources */ = {isa = PBXBuildFile; fileRef = 4AFB0D3D26491D4900D30617 /* EncounterView.swift */; };
		4AFB0D4026491D4A00D30617 /* Assets.xcassets in Resources */ = {isa = PBXBuildFile; fileRef = 4AFB0D3F26491D4A00D30617 /* Assets.xcassets */; };
		4AFB0D4326491D4A00D30617 /* Preview Assets.xcassets in Resources */ = {isa = PBXBuildFile; fileRef = 4AFB0D4226491D4A00D30617 /* Preview Assets.xcassets */; };
		4AFB0D4526491D4A00D30617 /* Persistence.swift in Sources */ = {isa = PBXBuildFile; fileRef = 4AFB0D4426491D4A00D30617 /* Persistence.swift */; };
		4AFB0D4826491D4A00D30617 /* encounter.xcdatamodeld in Sources */ = {isa = PBXBuildFile; fileRef = 4AFB0D4626491D4A00D30617 /* encounter.xcdatamodeld */; };
		4AFB0D5326491D4A00D30617 /* encounterTests.swift in Sources */ = {isa = PBXBuildFile; fileRef = 4AFB0D5226491D4A00D30617 /* encounterTests.swift */; };
		4AFB0D5E26491D4A00D30617 /* encounterUITests.swift in Sources */ = {isa = PBXBuildFile; fileRef = 4AFB0D5D26491D4A00D30617 /* encounterUITests.swift */; };
		4AFB0D6C264975AB00D30617 /* FighterCell.swift in Sources */ = {isa = PBXBuildFile; fileRef = 4AFB0D6B264975AB00D30617 /* FighterCell.swift */; };
		4AFB0D7426497F9E00D30617 /* AddFighterView.swift in Sources */ = {isa = PBXBuildFile; fileRef = 4AFB0D7326497F9E00D30617 /* AddFighterView.swift */; };
/* End PBXBuildFile section */

/* Begin PBXContainerItemProxy section */
		4AFB0D4F26491D4A00D30617 /* PBXContainerItemProxy */ = {
			isa = PBXContainerItemProxy;
			containerPortal = 4AFB0D3026491D4900D30617 /* Project object */;
			proxyType = 1;
			remoteGlobalIDString = 4AFB0D3726491D4900D30617;
			remoteInfo = encounter;
		};
		4AFB0D5A26491D4A00D30617 /* PBXContainerItemProxy */ = {
			isa = PBXContainerItemProxy;
			containerPortal = 4AFB0D3026491D4900D30617 /* Project object */;
			proxyType = 1;
			remoteGlobalIDString = 4AFB0D3726491D4900D30617;
			remoteInfo = encounter;
		};
/* End PBXContainerItemProxy section */

/* Begin PBXFileReference section */
		4A6F77B426592BEA00549F0D /* AddFighterStateView.swift */ = {isa = PBXFileReference; lastKnownFileType = sourcecode.swift; path = AddFighterStateView.swift; sourceTree = "<group>"; };
		4A6F77B6265939A900549F0D /* EditFighterView.swift */ = {isa = PBXFileReference; lastKnownFileType = sourcecode.swift; path = EditFighterView.swift; sourceTree = "<group>"; };
		4A6F77B82659597B00549F0D /* FighterStateView.swift */ = {isa = PBXFileReference; lastKnownFileType = sourcecode.swift; path = FighterStateView.swift; sourceTree = "<group>"; };
		4A6F77BA265A4E5F00549F0D /* ActiveTurnView.swift */ = {isa = PBXFileReference; lastKnownFileType = sourcecode.swift; path = ActiveTurnView.swift; sourceTree = "<group>"; };
		4AE92E60264AB18F00561AC6 /* AddButton.swift */ = {isa = PBXFileReference; lastKnownFileType = sourcecode.swift; path = AddButton.swift; sourceTree = "<group>"; };
		4AEB6862264BD66600CBE950 /* HealthBar.swift */ = {isa = PBXFileReference; lastKnownFileType = sourcecode.swift; path = HealthBar.swift; sourceTree = "<group>"; };
		4AFB0D3826491D4900D30617 /* encounter.app */ = {isa = PBXFileReference; explicitFileType = wrapper.application; includeInIndex = 0; path = encounter.app; sourceTree = BUILT_PRODUCTS_DIR; };
		4AFB0D3B26491D4900D30617 /* encounterApp.swift */ = {isa = PBXFileReference; lastKnownFileType = sourcecode.swift; path = encounterApp.swift; sourceTree = "<group>"; };
		4AFB0D3D26491D4900D30617 /* EncounterView.swift */ = {isa = PBXFileReference; lastKnownFileType = sourcecode.swift; path = EncounterView.swift; sourceTree = "<group>"; };
		4AFB0D3F26491D4A00D30617 /* Assets.xcassets */ = {isa = PBXFileReference; lastKnownFileType = folder.assetcatalog; path = Assets.xcassets; sourceTree = "<group>"; };
		4AFB0D4226491D4A00D30617 /* Preview Assets.xcassets */ = {isa = PBXFileReference; lastKnownFileType = folder.assetcatalog; path = "Preview Assets.xcassets"; sourceTree = "<group>"; };
		4AFB0D4426491D4A00D30617 /* Persistence.swift */ = {isa = PBXFileReference; lastKnownFileType = sourcecode.swift; path = Persistence.swift; sourceTree = "<group>"; };
		4AFB0D4726491D4A00D30617 /* encounter.xcdatamodel */ = {isa = PBXFileReference; lastKnownFileType = wrapper.xcdatamodel; path = encounter.xcdatamodel; sourceTree = "<group>"; };
		4AFB0D4926491D4A00D30617 /* Info.plist */ = {isa = PBXFileReference; lastKnownFileType = text.plist.xml; path = Info.plist; sourceTree = "<group>"; };
		4AFB0D4E26491D4A00D30617 /* encounterTests.xctest */ = {isa = PBXFileReference; explicitFileType = wrapper.cfbundle; includeInIndex = 0; path = encounterTests.xctest; sourceTree = BUILT_PRODUCTS_DIR; };
		4AFB0D5226491D4A00D30617 /* encounterTests.swift */ = {isa = PBXFileReference; lastKnownFileType = sourcecode.swift; path = encounterTests.swift; sourceTree = "<group>"; };
		4AFB0D5426491D4A00D30617 /* Info.plist */ = {isa = PBXFileReference; lastKnownFileType = text.plist.xml; path = Info.plist; sourceTree = "<group>"; };
		4AFB0D5926491D4A00D30617 /* encounterUITests.xctest */ = {isa = PBXFileReference; explicitFileType = wrapper.cfbundle; includeInIndex = 0; path = encounterUITests.xctest; sourceTree = BUILT_PRODUCTS_DIR; };
		4AFB0D5D26491D4A00D30617 /* encounterUITests.swift */ = {isa = PBXFileReference; lastKnownFileType = sourcecode.swift; path = encounterUITests.swift; sourceTree = "<group>"; };
		4AFB0D5F26491D4A00D30617 /* Info.plist */ = {isa = PBXFileReference; lastKnownFileType = text.plist.xml; path = Info.plist; sourceTree = "<group>"; };
		4AFB0D6B264975AB00D30617 /* FighterCell.swift */ = {isa = PBXFileReference; lastKnownFileType = sourcecode.swift; path = FighterCell.swift; sourceTree = "<group>"; };
		4AFB0D7326497F9E00D30617 /* AddFighterView.swift */ = {isa = PBXFileReference; lastKnownFileType = sourcecode.swift; path = AddFighterView.swift; sourceTree = "<group>"; };
/* End PBXFileReference section */

/* Begin PBXFrameworksBuildPhase section */
		4AFB0D3526491D4900D30617 /* Frameworks */ = {
			isa = PBXFrameworksBuildPhase;
			buildActionMask = 2147483647;
			files = (
			);
			runOnlyForDeploymentPostprocessing = 0;
		};
		4AFB0D4B26491D4A00D30617 /* Frameworks */ = {
			isa = PBXFrameworksBuildPhase;
			buildActionMask = 2147483647;
			files = (
			);
			runOnlyForDeploymentPostprocessing = 0;
		};
		4AFB0D5626491D4A00D30617 /* Frameworks */ = {
			isa = PBXFrameworksBuildPhase;
			buildActionMask = 2147483647;
			files = (
			);
			runOnlyForDeploymentPostprocessing = 0;
		};
/* End PBXFrameworksBuildPhase section */

/* Begin PBXGroup section */
		4AE92E5F264AB17B00561AC6 /* Views */ = {
			isa = PBXGroup;
			children = (
				4A6F77B82659597B00549F0D /* FighterStateView.swift */,
				4A6F77BA265A4E5F00549F0D /* ActiveTurnView.swift */,
				4AE92E60264AB18F00561AC6 /* AddButton.swift */,
				4AEB6862264BD66600CBE950 /* HealthBar.swift */,
			);
			path = Views;
			sourceTree = "<group>";
		};
		4AFB0D2F26491D4900D30617 = {
			isa = PBXGroup;
			children = (
				4AFB0D3A26491D4900D30617 /* encounter */,
				4AFB0D5126491D4A00D30617 /* encounterTests */,
				4AFB0D5C26491D4A00D30617 /* encounterUITests */,
				4AFB0D3926491D4900D30617 /* Products */,
			);
			sourceTree = "<group>";
		};
		4AFB0D3926491D4900D30617 /* Products */ = {
			isa = PBXGroup;
			children = (
				4AFB0D3826491D4900D30617 /* encounter.app */,
				4AFB0D4E26491D4A00D30617 /* encounterTests.xctest */,
				4AFB0D5926491D4A00D30617 /* encounterUITests.xctest */,
			);
			name = Products;
			sourceTree = "<group>";
		};
		4AFB0D3A26491D4900D30617 /* encounter */ = {
			isa = PBXGroup;
			children = (
				4AFB0D7126497F8500D30617 /* UI */,
				4AFB0D7026497F7D00D30617 /* Models */,
				4AFB0D3B26491D4900D30617 /* encounterApp.swift */,
				4AFB0D3F26491D4A00D30617 /* Assets.xcassets */,
				4AFB0D4426491D4A00D30617 /* Persistence.swift */,
				4AFB0D4926491D4A00D30617 /* Info.plist */,
				4AFB0D4626491D4A00D30617 /* encounter.xcdatamodeld */,
				4AFB0D4126491D4A00D30617 /* Preview Content */,
			);
			path = encounter;
			sourceTree = "<group>";
		};
		4AFB0D4126491D4A00D30617 /* Preview Content */ = {
			isa = PBXGroup;
			children = (
				4AFB0D4226491D4A00D30617 /* Preview Assets.xcassets */,
			);
			path = "Preview Content";
			sourceTree = "<group>";
		};
		4AFB0D5126491D4A00D30617 /* encounterTests */ = {
			isa = PBXGroup;
			children = (
				4AFB0D5226491D4A00D30617 /* encounterTests.swift */,
				4AFB0D5426491D4A00D30617 /* Info.plist */,
			);
			path = encounterTests;
			sourceTree = "<group>";
		};
		4AFB0D5C26491D4A00D30617 /* encounterUITests */ = {
			isa = PBXGroup;
			children = (
				4AFB0D5D26491D4A00D30617 /* encounterUITests.swift */,
				4AFB0D5F26491D4A00D30617 /* Info.plist */,
			);
			path = encounterUITests;
			sourceTree = "<group>";
		};
		4AFB0D6F26497F7000D30617 /* Encounter */ = {
			isa = PBXGroup;
			children = (
				4AFB0D3D26491D4900D30617 /* EncounterView.swift */,
				4AFB0D6B264975AB00D30617 /* FighterCell.swift */,
			);
			path = Encounter;
			sourceTree = "<group>";
		};
		4AFB0D7026497F7D00D30617 /* Models */ = {
			isa = PBXGroup;
			children = (
			);
			path = Models;
			sourceTree = "<group>";
		};
		4AFB0D7126497F8500D30617 /* UI */ = {
			isa = PBXGroup;
			children = (
				4AE92E5F264AB17B00561AC6 /* Views */,
				4AFB0D7226497F9000D30617 /* Fighter */,
				4AFB0D6F26497F7000D30617 /* Encounter */,
			);
			path = UI;
			sourceTree = "<group>";
		};
		4AFB0D7226497F9000D30617 /* Fighter */ = {
			isa = PBXGroup;
			children = (
				4AFB0D7326497F9E00D30617 /* AddFighterView.swift */,
				4A6F77B6265939A900549F0D /* EditFighterView.swift */,
				4A6F77B426592BEA00549F0D /* AddFighterStateView.swift */,
			);
			path = Fighter;
			sourceTree = "<group>";
		};
/* End PBXGroup section */

/* Begin PBXNativeTarget section */
		4AFB0D3726491D4900D30617 /* encounter */ = {
			isa = PBXNativeTarget;
			buildConfigurationList = 4AFB0D6226491D4A00D30617 /* Build configuration list for PBXNativeTarget "encounter" */;
			buildPhases = (
				4AFB0D3426491D4900D30617 /* Sources */,
				4AFB0D3526491D4900D30617 /* Frameworks */,
				4AFB0D3626491D4900D30617 /* Resources */,
			);
			buildRules = (
			);
			dependencies = (
			);
			name = encounter;
			productName = encounter;
			productReference = 4AFB0D3826491D4900D30617 /* encounter.app */;
			productType = "com.apple.product-type.application";
		};
		4AFB0D4D26491D4A00D30617 /* encounterTests */ = {
			isa = PBXNativeTarget;
			buildConfigurationList = 4AFB0D6526491D4A00D30617 /* Build configuration list for PBXNativeTarget "encounterTests" */;
			buildPhases = (
				4AFB0D4A26491D4A00D30617 /* Sources */,
				4AFB0D4B26491D4A00D30617 /* Frameworks */,
				4AFB0D4C26491D4A00D30617 /* Resources */,
			);
			buildRules = (
			);
			dependencies = (
				4AFB0D5026491D4A00D30617 /* PBXTargetDependency */,
			);
			name = encounterTests;
			productName = encounterTests;
			productReference = 4AFB0D4E26491D4A00D30617 /* encounterTests.xctest */;
			productType = "com.apple.product-type.bundle.unit-test";
		};
		4AFB0D5826491D4A00D30617 /* encounterUITests */ = {
			isa = PBXNativeTarget;
			buildConfigurationList = 4AFB0D6826491D4A00D30617 /* Build configuration list for PBXNativeTarget "encounterUITests" */;
			buildPhases = (
				4AFB0D5526491D4A00D30617 /* Sources */,
				4AFB0D5626491D4A00D30617 /* Frameworks */,
				4AFB0D5726491D4A00D30617 /* Resources */,
			);
			buildRules = (
			);
			dependencies = (
				4AFB0D5B26491D4A00D30617 /* PBXTargetDependency */,
			);
			name = encounterUITests;
			productName = encounterUITests;
			productReference = 4AFB0D5926491D4A00D30617 /* encounterUITests.xctest */;
			productType = "com.apple.product-type.bundle.ui-testing";
		};
/* End PBXNativeTarget section */

/* Begin PBXProject section */
		4AFB0D3026491D4900D30617 /* Project object */ = {
			isa = PBXProject;
			attributes = {
				LastSwiftUpdateCheck = 1250;
				LastUpgradeCheck = 1250;
				TargetAttributes = {
					4AFB0D3726491D4900D30617 = {
						CreatedOnToolsVersion = 12.5;
					};
					4AFB0D4D26491D4A00D30617 = {
						CreatedOnToolsVersion = 12.5;
						TestTargetID = 4AFB0D3726491D4900D30617;
					};
					4AFB0D5826491D4A00D30617 = {
						CreatedOnToolsVersion = 12.5;
						TestTargetID = 4AFB0D3726491D4900D30617;
					};
				};
			};
			buildConfigurationList = 4AFB0D3326491D4900D30617 /* Build configuration list for PBXProject "encounter" */;
			compatibilityVersion = "Xcode 9.3";
			developmentRegion = en;
			hasScannedForEncodings = 0;
			knownRegions = (
				en,
				Base,
			);
			mainGroup = 4AFB0D2F26491D4900D30617;
			productRefGroup = 4AFB0D3926491D4900D30617 /* Products */;
			projectDirPath = "";
			projectRoot = "";
			targets = (
				4AFB0D3726491D4900D30617 /* encounter */,
				4AFB0D4D26491D4A00D30617 /* encounterTests */,
				4AFB0D5826491D4A00D30617 /* encounterUITests */,
			);
		};
/* End PBXProject section */

/* Begin PBXResourcesBuildPhase section */
		4AFB0D3626491D4900D30617 /* Resources */ = {
			isa = PBXResourcesBuildPhase;
			buildActionMask = 2147483647;
			files = (
				4AFB0D4326491D4A00D30617 /* Preview Assets.xcassets in Resources */,
				4AFB0D4026491D4A00D30617 /* Assets.xcassets in Resources */,
			);
			runOnlyForDeploymentPostprocessing = 0;
		};
		4AFB0D4C26491D4A00D30617 /* Resources */ = {
			isa = PBXResourcesBuildPhase;
			buildActionMask = 2147483647;
			files = (
			);
			runOnlyForDeploymentPostprocessing = 0;
		};
		4AFB0D5726491D4A00D30617 /* Resources */ = {
			isa = PBXResourcesBuildPhase;
			buildActionMask = 2147483647;
			files = (
			);
			runOnlyForDeploymentPostprocessing = 0;
		};
/* End PBXResourcesBuildPhase section */

/* Begin PBXSourcesBuildPhase section */
		4AFB0D3426491D4900D30617 /* Sources */ = {
			isa = PBXSourcesBuildPhase;
			buildActionMask = 2147483647;
			files = (
				4AFB0D7426497F9E00D30617 /* AddFighterView.swift in Sources */,
				4AEB6863264BD66600CBE950 /* HealthBar.swift in Sources */,
				4AFB0D4526491D4A00D30617 /* Persistence.swift in Sources */,
				4AFB0D4826491D4A00D30617 /* encounter.xcdatamodeld in Sources */,
				4AFB0D6C264975AB00D30617 /* FighterCell.swift in Sources */,
				4AFB0D3E26491D4900D30617 /* EncounterView.swift in Sources */,
				4A6F77B92659597B00549F0D /* FighterStateView.swift in Sources */,
				4AFB0D3C26491D4900D30617 /* encounterApp.swift in Sources */,
				4A6F77B7265939A900549F0D /* EditFighterView.swift in Sources */,
				4A6F77B526592BEA00549F0D /* AddFighterStateView.swift in Sources */,
				4AE92E61264AB18F00561AC6 /* AddButton.swift in Sources */,
				4A6F77BB265A4E5F00549F0D /* ActiveTurnView.swift in Sources */,
			);
			runOnlyForDeploymentPostprocessing = 0;
		};
		4AFB0D4A26491D4A00D30617 /* Sources */ = {
			isa = PBXSourcesBuildPhase;
			buildActionMask = 2147483647;
			files = (
				4AFB0D5326491D4A00D30617 /* encounterTests.swift in Sources */,
			);
			runOnlyForDeploymentPostprocessing = 0;
		};
		4AFB0D5526491D4A00D30617 /* Sources */ = {
			isa = PBXSourcesBuildPhase;
			buildActionMask = 2147483647;
			files = (
				4AFB0D5E26491D4A00D30617 /* encounterUITests.swift in Sources */,
			);
			runOnlyForDeploymentPostprocessing = 0;
		};
/* End PBXSourcesBuildPhase section */

/* Begin PBXTargetDependency section */
		4AFB0D5026491D4A00D30617 /* PBXTargetDependency */ = {
			isa = PBXTargetDependency;
			target = 4AFB0D3726491D4900D30617 /* encounter */;
			targetProxy = 4AFB0D4F26491D4A00D30617 /* PBXContainerItemProxy */;
		};
		4AFB0D5B26491D4A00D30617 /* PBXTargetDependency */ = {
			isa = PBXTargetDependency;
			target = 4AFB0D3726491D4900D30617 /* encounter */;
			targetProxy = 4AFB0D5A26491D4A00D30617 /* PBXContainerItemProxy */;
		};
/* End PBXTargetDependency section */

/* Begin XCBuildConfiguration section */
		4AFB0D6026491D4A00D30617 /* Debug */ = {
			isa = XCBuildConfiguration;
			buildSettings = {
				ALWAYS_SEARCH_USER_PATHS = NO;
				CLANG_ANALYZER_NONNULL = YES;
				CLANG_ANALYZER_NUMBER_OBJECT_CONVERSION = YES_AGGRESSIVE;
				CLANG_CXX_LANGUAGE_STANDARD = "gnu++14";
				CLANG_CXX_LIBRARY = "libc++";
				CLANG_ENABLE_MODULES = YES;
				CLANG_ENABLE_OBJC_ARC = YES;
				CLANG_ENABLE_OBJC_WEAK = YES;
				CLANG_WARN_BLOCK_CAPTURE_AUTORELEASING = YES;
				CLANG_WARN_BOOL_CONVERSION = YES;
				CLANG_WARN_COMMA = YES;
				CLANG_WARN_CONSTANT_CONVERSION = YES;
				CLANG_WARN_DEPRECATED_OBJC_IMPLEMENTATIONS = YES;
				CLANG_WARN_DIRECT_OBJC_ISA_USAGE = YES_ERROR;
				CLANG_WARN_DOCUMENTATION_COMMENTS = YES;
				CLANG_WARN_EMPTY_BODY = YES;
				CLANG_WARN_ENUM_CONVERSION = YES;
				CLANG_WARN_INFINITE_RECURSION = YES;
				CLANG_WARN_INT_CONVERSION = YES;
				CLANG_WARN_NON_LITERAL_NULL_CONVERSION = YES;
				CLANG_WARN_OBJC_IMPLICIT_RETAIN_SELF = YES;
				CLANG_WARN_OBJC_LITERAL_CONVERSION = YES;
				CLANG_WARN_OBJC_ROOT_CLASS = YES_ERROR;
				CLANG_WARN_QUOTED_INCLUDE_IN_FRAMEWORK_HEADER = YES;
				CLANG_WARN_RANGE_LOOP_ANALYSIS = YES;
				CLANG_WARN_STRICT_PROTOTYPES = YES;
				CLANG_WARN_SUSPICIOUS_MOVE = YES;
				CLANG_WARN_UNGUARDED_AVAILABILITY = YES_AGGRESSIVE;
				CLANG_WARN_UNREACHABLE_CODE = YES;
				CLANG_WARN__DUPLICATE_METHOD_MATCH = YES;
				COPY_PHASE_STRIP = NO;
				DEBUG_INFORMATION_FORMAT = dwarf;
				ENABLE_STRICT_OBJC_MSGSEND = YES;
				ENABLE_TESTABILITY = YES;
				GCC_C_LANGUAGE_STANDARD = gnu11;
				GCC_DYNAMIC_NO_PIC = NO;
				GCC_NO_COMMON_BLOCKS = YES;
				GCC_OPTIMIZATION_LEVEL = 0;
				GCC_PREPROCESSOR_DEFINITIONS = (
					"DEBUG=1",
					"$(inherited)",
				);
				GCC_WARN_64_TO_32_BIT_CONVERSION = YES;
				GCC_WARN_ABOUT_RETURN_TYPE = YES_ERROR;
				GCC_WARN_UNDECLARED_SELECTOR = YES;
				GCC_WARN_UNINITIALIZED_AUTOS = YES_AGGRESSIVE;
				GCC_WARN_UNUSED_FUNCTION = YES;
				GCC_WARN_UNUSED_VARIABLE = YES;
				IPHONEOS_DEPLOYMENT_TARGET = 15.0;
				MTL_ENABLE_DEBUG_INFO = INCLUDE_SOURCE;
				MTL_FAST_MATH = YES;
				ONLY_ACTIVE_ARCH = YES;
				SDKROOT = iphoneos;
				SWIFT_ACTIVE_COMPILATION_CONDITIONS = DEBUG;
				SWIFT_OPTIMIZATION_LEVEL = "-Onone";
			};
			name = Debug;
		};
		4AFB0D6126491D4A00D30617 /* Release */ = {
			isa = XCBuildConfiguration;
			buildSettings = {
				ALWAYS_SEARCH_USER_PATHS = NO;
				CLANG_ANALYZER_NONNULL = YES;
				CLANG_ANALYZER_NUMBER_OBJECT_CONVERSION = YES_AGGRESSIVE;
				CLANG_CXX_LANGUAGE_STANDARD = "gnu++14";
				CLANG_CXX_LIBRARY = "libc++";
				CLANG_ENABLE_MODULES = YES;
				CLANG_ENABLE_OBJC_ARC = YES;
				CLANG_ENABLE_OBJC_WEAK = YES;
				CLANG_WARN_BLOCK_CAPTURE_AUTORELEASING = YES;
				CLANG_WARN_BOOL_CONVERSION = YES;
				CLANG_WARN_COMMA = YES;
				CLANG_WARN_CONSTANT_CONVERSION = YES;
				CLANG_WARN_DEPRECATED_OBJC_IMPLEMENTATIONS = YES;
				CLANG_WARN_DIRECT_OBJC_ISA_USAGE = YES_ERROR;
				CLANG_WARN_DOCUMENTATION_COMMENTS = YES;
				CLANG_WARN_EMPTY_BODY = YES;
				CLANG_WARN_ENUM_CONVERSION = YES;
				CLANG_WARN_INFINITE_RECURSION = YES;
				CLANG_WARN_INT_CONVERSION = YES;
				CLANG_WARN_NON_LITERAL_NULL_CONVERSION = YES;
				CLANG_WARN_OBJC_IMPLICIT_RETAIN_SELF = YES;
				CLANG_WARN_OBJC_LITERAL_CONVERSION = YES;
				CLANG_WARN_OBJC_ROOT_CLASS = YES_ERROR;
				CLANG_WARN_QUOTED_INCLUDE_IN_FRAMEWORK_HEADER = YES;
				CLANG_WARN_RANGE_LOOP_ANALYSIS = YES;
				CLANG_WARN_STRICT_PROTOTYPES = YES;
				CLANG_WARN_SUSPICIOUS_MOVE = YES;
				CLANG_WARN_UNGUARDED_AVAILABILITY = YES_AGGRESSIVE;
				CLANG_WARN_UNREACHABLE_CODE = YES;
				CLANG_WARN__DUPLICATE_METHOD_MATCH = YES;
				COPY_PHASE_STRIP = NO;
				DEBUG_INFORMATION_FORMAT = "dwarf-with-dsym";
				ENABLE_NS_ASSERTIONS = NO;
				ENABLE_STRICT_OBJC_MSGSEND = YES;
				GCC_C_LANGUAGE_STANDARD = gnu11;
				GCC_NO_COMMON_BLOCKS = YES;
				GCC_WARN_64_TO_32_BIT_CONVERSION = YES;
				GCC_WARN_ABOUT_RETURN_TYPE = YES_ERROR;
				GCC_WARN_UNDECLARED_SELECTOR = YES;
				GCC_WARN_UNINITIALIZED_AUTOS = YES_AGGRESSIVE;
				GCC_WARN_UNUSED_FUNCTION = YES;
				GCC_WARN_UNUSED_VARIABLE = YES;
				IPHONEOS_DEPLOYMENT_TARGET = 15.0;
				MTL_ENABLE_DEBUG_INFO = NO;
				MTL_FAST_MATH = YES;
				SDKROOT = iphoneos;
				SWIFT_COMPILATION_MODE = wholemodule;
				SWIFT_OPTIMIZATION_LEVEL = "-O";
				VALIDATE_PRODUCT = YES;
			};
			name = Release;
		};
		4AFB0D6326491D4A00D30617 /* Debug */ = {
			isa = XCBuildConfiguration;
			buildSettings = {
				ASSETCATALOG_COMPILER_APPICON_NAME = AppIcon;
				ASSETCATALOG_COMPILER_GLOBAL_ACCENT_COLOR_NAME = AccentColor;
				CODE_SIGN_STYLE = Automatic;
				DEVELOPMENT_ASSET_PATHS = "\"encounter/Preview Content\"";
				DEVELOPMENT_TEAM = 4Z4MQD3D4E;
				ENABLE_PREVIEWS = YES;
				INFOPLIST_FILE = encounter/Info.plist;
				IPHONEOS_DEPLOYMENT_TARGET = 15.0;
				LD_RUNPATH_SEARCH_PATHS = (
					"$(inherited)",
					"@executable_path/Frameworks",
				);
				PRODUCT_BUNDLE_IDENTIFIER = com.florentalexandre.encounter;
				PRODUCT_NAME = "$(TARGET_NAME)";
				SWIFT_VERSION = 5.0;
				TARGETED_DEVICE_FAMILY = "1,2";
			};
			name = Debug;
		};
		4AFB0D6426491D4A00D30617 /* Release */ = {
			isa = XCBuildConfiguration;
			buildSettings = {
				ASSETCATALOG_COMPILER_APPICON_NAME = AppIcon;
				ASSETCATALOG_COMPILER_GLOBAL_ACCENT_COLOR_NAME = AccentColor;
				CODE_SIGN_STYLE = Automatic;
				DEVELOPMENT_ASSET_PATHS = "\"encounter/Preview Content\"";
				DEVELOPMENT_TEAM = 4Z4MQD3D4E;
				ENABLE_PREVIEWS = YES;
				INFOPLIST_FILE = encounter/Info.plist;
				IPHONEOS_DEPLOYMENT_TARGET = 15.0;
				LD_RUNPATH_SEARCH_PATHS = (
					"$(inherited)",
					"@executable_path/Frameworks",
				);
				PRODUCT_BUNDLE_IDENTIFIER = com.florentalexandre.encounter;
				PRODUCT_NAME = "$(TARGET_NAME)";
				SWIFT_VERSION = 5.0;
				TARGETED_DEVICE_FAMILY = "1,2";
			};
			name = Release;
		};
		4AFB0D6626491D4A00D30617 /* Debug */ = {
			isa = XCBuildConfiguration;
			buildSettings = {
				ALWAYS_EMBED_SWIFT_STANDARD_LIBRARIES = YES;
				BUNDLE_LOADER = "$(TEST_HOST)";
				CODE_SIGN_STYLE = Automatic;
				DEVELOPMENT_TEAM = 4Z4MQD3D4E;
				INFOPLIST_FILE = encounterTests/Info.plist;
				IPHONEOS_DEPLOYMENT_TARGET = 14.0;
				LD_RUNPATH_SEARCH_PATHS = (
					"$(inherited)",
					"@executable_path/Frameworks",
					"@loader_path/Frameworks",
				);
				PRODUCT_BUNDLE_IDENTIFIER = com.florentalexandre.encounterTests;
				PRODUCT_NAME = "$(TARGET_NAME)";
				SWIFT_VERSION = 5.0;
				TARGETED_DEVICE_FAMILY = "1,2";
				TEST_HOST = "$(BUILT_PRODUCTS_DIR)/encounter.app/encounter";
			};
			name = Debug;
		};
		4AFB0D6726491D4A00D30617 /* Release */ = {
			isa = XCBuildConfiguration;
			buildSettings = {
				ALWAYS_EMBED_SWIFT_STANDARD_LIBRARIES = YES;
				BUNDLE_LOADER = "$(TEST_HOST)";
				CODE_SIGN_STYLE = Automatic;
				DEVELOPMENT_TEAM = 4Z4MQD3D4E;
				INFOPLIST_FILE = encounterTests/Info.plist;
				IPHONEOS_DEPLOYMENT_TARGET = 14.0;
				LD_RUNPATH_SEARCH_PATHS = (
					"$(inherited)",
					"@executable_path/Frameworks",
					"@loader_path/Frameworks",
				);
				PRODUCT_BUNDLE_IDENTIFIER = com.florentalexandre.encounterTests;
				PRODUCT_NAME = "$(TARGET_NAME)";
				SWIFT_VERSION = 5.0;
				TARGETED_DEVICE_FAMILY = "1,2";
				TEST_HOST = "$(BUILT_PRODUCTS_DIR)/encounter.app/encounter";
			};
			name = Release;
		};
		4AFB0D6926491D4A00D30617 /* Debug */ = {
			isa = XCBuildConfiguration;
			buildSettings = {
				ALWAYS_EMBED_SWIFT_STANDARD_LIBRARIES = YES;
				CODE_SIGN_STYLE = Automatic;
				DEVELOPMENT_TEAM = 4Z4MQD3D4E;
				INFOPLIST_FILE = encounterUITests/Info.plist;
				LD_RUNPATH_SEARCH_PATHS = (
					"$(inherited)",
					"@executable_path/Frameworks",
					"@loader_path/Frameworks",
				);
				PRODUCT_BUNDLE_IDENTIFIER = com.florentalexandre.encounterUITests;
				PRODUCT_NAME = "$(TARGET_NAME)";
				SWIFT_VERSION = 5.0;
				TARGETED_DEVICE_FAMILY = "1,2";
				TEST_TARGET_NAME = encounter;
			};
			name = Debug;
		};
		4AFB0D6A26491D4A00D30617 /* Release */ = {
			isa = XCBuildConfiguration;
			buildSettings = {
				ALWAYS_EMBED_SWIFT_STANDARD_LIBRARIES = YES;
				CODE_SIGN_STYLE = Automatic;
				DEVELOPMENT_TEAM = 4Z4MQD3D4E;
				INFOPLIST_FILE = encounterUITests/Info.plist;
				LD_RUNPATH_SEARCH_PATHS = (
					"$(inherited)",
					"@executable_path/Frameworks",
					"@loader_path/Frameworks",
				);
				PRODUCT_BUNDLE_IDENTIFIER = com.florentalexandre.encounterUITests;
				PRODUCT_NAME = "$(TARGET_NAME)";
				SWIFT_VERSION = 5.0;
				TARGETED_DEVICE_FAMILY = "1,2";
				TEST_TARGET_NAME = encounter;
			};
			name = Release;
		};
/* End XCBuildConfiguration section */

/* Begin XCConfigurationList section */
		4AFB0D3326491D4900D30617 /* Build configuration list for PBXProject "encounter" */ = {
			isa = XCConfigurationList;
			buildConfigurations = (
				4AFB0D6026491D4A00D30617 /* Debug */,
				4AFB0D6126491D4A00D30617 /* Release */,
			);
			defaultConfigurationIsVisible = 0;
			defaultConfigurationName = Release;
		};
		4AFB0D6226491D4A00D30617 /* Build configuration list for PBXNativeTarget "encounter" */ = {
			isa = XCConfigurationList;
			buildConfigurations = (
				4AFB0D6326491D4A00D30617 /* Debug */,
				4AFB0D6426491D4A00D30617 /* Release */,
			);
			defaultConfigurationIsVisible = 0;
			defaultConfigurationName = Release;
		};
		4AFB0D6526491D4A00D30617 /* Build configuration list for PBXNativeTarget "encounterTests" */ = {
			isa = XCConfigurationList;
			buildConfigurations = (
				4AFB0D6626491D4A00D30617 /* Debug */,
				4AFB0D6726491D4A00D30617 /* Release */,
			);
			defaultConfigurationIsVisible = 0;
			defaultConfigurationName = Release;
		};
		4AFB0D6826491D4A00D30617 /* Build configuration list for PBXNativeTarget "encounterUITests" */ = {
			isa = XCConfigurationList;
			buildConfigurations = (
				4AFB0D6926491D4A00D30617 /* Debug */,
				4AFB0D6A26491D4A00D30617 /* Release */,
			);
			defaultConfigurationIsVisible = 0;
			defaultConfigurationName = Release;
		};
/* End XCConfigurationList section */

/* Begin XCVersionGroup section */
		4AFB0D4626491D4A00D30617 /* encounter.xcdatamodeld */ = {
			isa = XCVersionGroup;
			children = (
				4AFB0D4726491D4A00D30617 /* encounter.xcdatamodel */,
			);
			currentVersion = 4AFB0D4726491D4A00D30617 /* encounter.xcdatamodel */;
			path = encounter.xcdatamodeld;
			sourceTree = "<group>";
			versionGroupType = wrapper.xcdatamodel;
		};
/* End XCVersionGroup section */
	};
	rootObject = 4AFB0D3026491D4900D30617 /* Project object */;
}
